
Microsoft Visual Studio Solution File, Format Version 12.00
# Visual Studio Version 16
VisualStudioVersion = 16.0.31129.286
MinimumVisualStudioVersion = 10.0.40219.1
Project("{FAE04EC0-301F-11D3-BF4B-00C04F79EFBC}") = "mapASP", "mapASP\mapASP.csproj", "{1E146F98-0B99-4540-91CB-704738FBBC2F}"
EndProject
Global
	GlobalSection(SolutionConfigurationPlatforms) = preSolution
		Debug|Any CPU = Debug|Any CPU
		Release|Any CPU = Release|Any CPU
	EndGlobalSection
	GlobalSection(ProjectConfigurationPlatforms) = postSolution
		{1E146F98-0B99-4540-91CB-704738FBBC2F}.Debug|Any CPU.ActiveCfg = Debug|Any CPU
		{1E146F98-0B99-4540-91CB-704738FBBC2F}.Debug|Any CPU.Build.0 = Debug|Any CPU
		{1E146F98-0B99-4540-91CB-704738FBBC2F}.Release|Any CPU.ActiveCfg = Release|Any CPU
		{1E146F98-0B99-4540-91CB-704738FBBC2F}.Release|Any CPU.Build.0 = Release|Any CPU
	EndGlobalSection
	GlobalSection(SolutionProperties) = preSolution
		HideSolutionNode = FALSE
	EndGlobalSection
	GlobalSection(ExtensibilityGlobals) = postSolution
		SolutionGuid = {F5CF77F1-0859-4C7C-8E3A-4573C519DBB1}
	EndGlobalSection
EndGlobal
